{
  "name": "@ungap/marker",
  "version": "0.0.1",
  "lockfileVersion": 3,
  "requires": true,
  "packages": {
    "": {
      "name": "@ungap/marker",
      "version": "0.0.1",
      "license": "MIT",
      "dependencies": {
        "custom-function": "^2.0.0"
      }
    },
    "node_modules/custom-function": {
      "version": "2.0.0",
      "resolved": "https://registry.npmjs.org/custom-function/-/custom-function-2.0.0.tgz",
      "integrity": "sha512-2OPHkZzq3mK1nWpJqWWkGD6Z+0AajNeIxmXl+MRVL8Vysjjf5tf9B5mo713/X2khEwBn/3BKQ7NphpP1vpVKug==",
      "license": "MIT"
    }
  }
}
